// !$*UTF8*$!
{
	archiveVersion = 1;
	classes = {
	};
	objectVersion = 46;
	objects = {

/* Begin PBXBuildFile section */
		BE4FAB3119529F5C00FF72C0 /* Foundation.framework in Frameworks */ = {isa = PBXBuildFile; fileRef = BE4FAB3019529F5C00FF72C0 /* Foundation.framework */; };
		BE4FAB3319529F5C00FF72C0 /* CoreGraphics.framework in Frameworks */ = {isa = PBXBuildFile; fileRef = BE4FAB3219529F5C00FF72C0 /* CoreGraphics.framework */; };
		BE4FAB3519529F5C00FF72C0 /* UIKit.framework in Frameworks */ = {isa = PBXBuildFile; fileRef = BE4FAB3419529F5C00FF72C0 /* UIKit.framework */; };
		BE4FAB3B19529F5C00FF72C0 /* InfoPlist.strings in Resources */ = {isa = PBXBuildFile; fileRef = BE4FAB3919529F5C00FF72C0 /* InfoPlist.strings */; };
		BE4FAB3D19529F5C00FF72C0 /* main.m in Sources */ = {isa = PBXBuildFile; fileRef = BE4FAB3C19529F5C00FF72C0 /* main.m */; };
		BE4FAB4119529F5C00FF72C0 /* YYAppDelegate.m in Sources */ = {isa = PBXBuildFile; fileRef = BE4FAB4019529F5C00FF72C0 /* YYAppDelegate.m */; };
		BE4FAB4319529F5C00FF72C0 /* Images.xcassets in Resources */ = {isa = PBXBuildFile; fileRef = BE4FAB4219529F5C00FF72C0 /* Images.xcassets */; };
		BE4FAB4A19529F5C00FF72C0 /* XCTest.framework in Frameworks */ = {isa = PBXBuildFile; fileRef = BE4FAB4919529F5C00FF72C0 /* XCTest.framework */; };
		BE4FAB4B19529F5C00FF72C0 /* Foundation.framework in Frameworks */ = {isa = PBXBuildFile; fileRef = BE4FAB3019529F5C00FF72C0 /* Foundation.framework */; };
		BE4FAB4C19529F5C00FF72C0 /* UIKit.framework in Frameworks */ = {isa = PBXBuildFile; fileRef = BE4FAB3419529F5C00FF72C0 /* UIKit.framework */; };
		BE4FAB5419529F5C00FF72C0 /* InfoPlist.strings in Resources */ = {isa = PBXBuildFile; fileRef = BE4FAB5219529F5C00FF72C0 /* InfoPlist.strings */; };
		BE4FAB5619529F5C00FF72C0 /* YYScrollingTableViewCellTests.m in Sources */ = {isa = PBXBuildFile; fileRef = BE4FAB5519529F5C00FF72C0 /* YYScrollingTableViewCellTests.m */; };
		BE4FAB711952A34000FF72C0 /* iCoreGUIController.m in Sources */ = {isa = PBXBuildFile; fileRef = BE4FAB6B1952A34000FF72C0 /* iCoreGUIController.m */; };
		BE4FAB731952A35800FF72C0 /* MainStoryboard-iPhone.storyboard in Resources */ = {isa = PBXBuildFile; fileRef = BE4FAB721952A35800FF72C0 /* MainStoryboard-iPhone.storyboard */; };
		BE4FAB761952A44000FF72C0 /* YYViewController.m in Sources */ = {isa = PBXBuildFile; fileRef = BE4FAB751952A44000FF72C0 /* YYViewController.m */; };
		BE4FAB791952A50000FF72C0 /* YYTabBarController.m in Sources */ = {isa = PBXBuildFile; fileRef = BE4FAB781952A50000FF72C0 /* YYTabBarController.m */; };
		BE4FAB7C1952A55400FF72C0 /* YYNavigationController.m in Sources */ = {isa = PBXBuildFile; fileRef = BE4FAB7B1952A55400FF72C0 /* YYNavigationController.m */; };
/* End PBXBuildFile section */

/* Begin PBXContainerItemProxy section */
		BE4FAB4D19529F5C00FF72C0 /* PBXContainerItemProxy */ = {
			isa = PBXContainerItemProxy;
			containerPortal = BE4FAB2519529F5C00FF72C0 /* Project object */;
			proxyType = 1;
			remoteGlobalIDString = BE4FAB2C19529F5C00FF72C0;
			remoteInfo = YYScrollingTableViewCell;
		};
/* End PBXContainerItemProxy section */

/* Begin PBXFileReference section */
		BE4FAB2D19529F5C00FF72C0 /* YYScrollingTableViewCell.app */ = {isa = PBXFileReference; explicitFileType = wrapper.application; includeInIndex = 0; path = YYScrollingTableViewCell.app; sourceTree = BUILT_PRODUCTS_DIR; };
		BE4FAB3019529F5C00FF72C0 /* Foundation.framework */ = {isa = PBXFileReference; lastKnownFileType = wrapper.framework; name = Foundation.framework; path = System/Library/Frameworks/Foundation.framework; sourceTree = SDKROOT; };
		BE4FAB3219529F5C00FF72C0 /* CoreGraphics.framework */ = {isa = PBXFileReference; lastKnownFileType = wrapper.framework; name = CoreGraphics.framework; path = System/Library/Frameworks/CoreGraphics.framework; sourceTree = SDKROOT; };
		BE4FAB3419529F5C00FF72C0 /* UIKit.framework */ = {isa = PBXFileReference; lastKnownFileType = wrapper.framework; name = UIKit.framework; path = System/Library/Frameworks/UIKit.framework; sourceTree = SDKROOT; };
		BE4FAB3819529F5C00FF72C0 /* YYScrollingTableViewCell-Info.plist */ = {isa = PBXFileReference; lastKnownFileType = text.plist.xml; path = "YYScrollingTableViewCell-Info.plist"; sourceTree = "<group>"; };
		BE4FAB3A19529F5C00FF72C0 /* en */ = {isa = PBXFileReference; lastKnownFileType = text.plist.strings; name = en; path = en.lproj/InfoPlist.strings; sourceTree = "<group>"; };
		BE4FAB3C19529F5C00FF72C0 /* main.m */ = {isa = PBXFileReference; lastKnownFileType = sourcecode.c.objc; path = main.m; sourceTree = "<group>"; };
		BE4FAB3E19529F5C00FF72C0 /* YYScrollingTableViewCell-Prefix.pch */ = {isa = PBXFileReference; lastKnownFileType = sourcecode.c.h; path = "YYScrollingTableViewCell-Prefix.pch"; sourceTree = "<group>"; };
		BE4FAB3F19529F5C00FF72C0 /* YYAppDelegate.h */ = {isa = PBXFileReference; lastKnownFileType = sourcecode.c.h; path = YYAppDelegate.h; sourceTree = "<group>"; };
		BE4FAB4019529F5C00FF72C0 /* YYAppDelegate.m */ = {isa = PBXFileReference; lastKnownFileType = sourcecode.c.objc; path = YYAppDelegate.m; sourceTree = "<group>"; };
		BE4FAB4219529F5C00FF72C0 /* Images.xcassets */ = {isa = PBXFileReference; lastKnownFileType = folder.assetcatalog; path = Images.xcassets; sourceTree = "<group>"; };
		BE4FAB4819529F5C00FF72C0 /* YYScrollingTableViewCellTests.xctest */ = {isa = PBXFileReference; explicitFileType = wrapper.cfbundle; includeInIndex = 0; path = YYScrollingTableViewCellTests.xctest; sourceTree = BUILT_PRODUCTS_DIR; };
		BE4FAB4919529F5C00FF72C0 /* XCTest.framework */ = {isa = PBXFileReference; lastKnownFileType = wrapper.framework; name = XCTest.framework; path = Library/Frameworks/XCTest.framework; sourceTree = DEVELOPER_DIR; };
		BE4FAB5119529F5C00FF72C0 /* YYScrollingTableViewCellTests-Info.plist */ = {isa = PBXFileReference; lastKnownFileType = text.plist.xml; path = "YYScrollingTableViewCellTests-Info.plist"; sourceTree = "<group>"; };
		BE4FAB5319529F5C00FF72C0 /* en */ = {isa = PBXFileReference; lastKnownFileType = text.plist.strings; name = en; path = en.lproj/InfoPlist.strings; sourceTree = "<group>"; };
		BE4FAB5519529F5C00FF72C0 /* YYScrollingTableViewCellTests.m */ = {isa = PBXFileReference; lastKnownFileType = sourcecode.c.objc; path = YYScrollingTableViewCellTests.m; sourceTree = "<group>"; };
		BE4FAB6A1952A34000FF72C0 /* iCoreGUIController.h */ = {isa = PBXFileReference; fileEncoding = 4; lastKnownFileType = sourcecode.c.h; path = iCoreGUIController.h; sourceTree = "<group>"; };
		BE4FAB6B1952A34000FF72C0 /* iCoreGUIController.m */ = {isa = PBXFileReference; fileEncoding = 4; lastKnownFileType = sourcecode.c.objc; path = iCoreGUIController.m; sourceTree = "<group>"; };
		BE4FAB721952A35800FF72C0 /* MainStoryboard-iPhone.storyboard */ = {isa = PBXFileReference; fileEncoding = 4; lastKnownFileType = file.storyboard; path = "MainStoryboard-iPhone.storyboard"; sourceTree = "<group>"; };
		BE4FAB741952A44000FF72C0 /* YYViewController.h */ = {isa = PBXFileReference; fileEncoding = 4; lastKnownFileType = sourcecode.c.h; path = YYViewController.h; sourceTree = "<group>"; };
		BE4FAB751952A44000FF72C0 /* YYViewController.m */ = {isa = PBXFileReference; fileEncoding = 4; lastKnownFileType = sourcecode.c.objc; path = YYViewController.m; sourceTree = "<group>"; };
		BE4FAB771952A50000FF72C0 /* YYTabBarController.h */ = {isa = PBXFileReference; fileEncoding = 4; lastKnownFileType = sourcecode.c.h; path = YYTabBarController.h; sourceTree = "<group>"; };
		BE4FAB781952A50000FF72C0 /* YYTabBarController.m */ = {isa = PBXFileReference; fileEncoding = 4; lastKnownFileType = sourcecode.c.objc; path = YYTabBarController.m; sourceTree = "<group>"; };
		BE4FAB7A1952A55400FF72C0 /* YYNavigationController.h */ = {isa = PBXFileReference; fileEncoding = 4; lastKnownFileType = sourcecode.c.h; path = YYNavigationController.h; sourceTree = "<group>"; };
		BE4FAB7B1952A55400FF72C0 /* YYNavigationController.m */ = {isa = PBXFileReference; fileEncoding = 4; lastKnownFileType = sourcecode.c.objc; path = YYNavigationController.m; sourceTree = "<group>"; };
/* End PBXFileReference section */

/* Begin PBXFrameworksBuildPhase section */
		BE4FAB2A19529F5C00FF72C0 /* Frameworks */ = {
			isa = PBXFrameworksBuildPhase;
			buildActionMask = 2147483647;
			files = (
				BE4FAB3319529F5C00FF72C0 /* CoreGraphics.framework in Frameworks */,
				BE4FAB3519529F5C00FF72C0 /* UIKit.framework in Frameworks */,
				BE4FAB3119529F5C00FF72C0 /* Foundation.framework in Frameworks */,
			);
			runOnlyForDeploymentPostprocessing = 0;
		};
		BE4FAB4519529F5C00FF72C0 /* Frameworks */ = {
			isa = PBXFrameworksBuildPhase;
			buildActionMask = 2147483647;
			files = (
				BE4FAB4A19529F5C00FF72C0 /* XCTest.framework in Frameworks */,
				BE4FAB4C19529F5C00FF72C0 /* UIKit.framework in Frameworks */,
				BE4FAB4B19529F5C00FF72C0 /* Foundation.framework in Frameworks */,
			);
			runOnlyForDeploymentPostprocessing = 0;
		};
/* End PBXFrameworksBuildPhase section */

/* Begin PBXGroup section */
		BE4FAB2419529F5C00FF72C0 = {
			isa = PBXGroup;
			children = (
				BE4FAB3619529F5C00FF72C0 /* YYScrollingTableViewCell */,
				BE4FAB4F19529F5C00FF72C0 /* YYScrollingTableViewCellTests */,
				BE4FAB2F19529F5C00FF72C0 /* Frameworks */,
				BE4FAB2E19529F5C00FF72C0 /* Products */,
			);
			sourceTree = "<group>";
		};
		BE4FAB2E19529F5C00FF72C0 /* Products */ = {
			isa = PBXGroup;
			children = (
				BE4FAB2D19529F5C00FF72C0 /* YYScrollingTableViewCell.app */,
				BE4FAB4819529F5C00FF72C0 /* YYScrollingTableViewCellTests.xctest */,
			);
			name = Products;
			sourceTree = "<group>";
		};
		BE4FAB2F19529F5C00FF72C0 /* Frameworks */ = {
			isa = PBXGroup;
			children = (
				BE4FAB3019529F5C00FF72C0 /* Foundation.framework */,
				BE4FAB3219529F5C00FF72C0 /* CoreGraphics.framework */,
				BE4FAB3419529F5C00FF72C0 /* UIKit.framework */,
				BE4FAB4919529F5C00FF72C0 /* XCTest.framework */,
			);
			name = Frameworks;
			sourceTree = "<group>";
		};
		BE4FAB3619529F5C00FF72C0 /* YYScrollingTableViewCell */ = {
			isa = PBXGroup;
			children = (
				BE4FAB5F1952A34000FF72C0 /* Class */,
				BE4FAB3F19529F5C00FF72C0 /* YYAppDelegate.h */,
				BE4FAB4019529F5C00FF72C0 /* YYAppDelegate.m */,
				BE4FAB4219529F5C00FF72C0 /* Images.xcassets */,
				BE4FAB3719529F5C00FF72C0 /* Supporting Files */,
				BE4FAB721952A35800FF72C0 /* MainStoryboard-iPhone.storyboard */,
			);
			path = YYScrollingTableViewCell;
			sourceTree = "<group>";
		};
		BE4FAB3719529F5C00FF72C0 /* Supporting Files */ = {
			isa = PBXGroup;
			children = (
				BE4FAB3819529F5C00FF72C0 /* YYScrollingTableViewCell-Info.plist */,
				BE4FAB3919529F5C00FF72C0 /* InfoPlist.strings */,
				BE4FAB3C19529F5C00FF72C0 /* main.m */,
				BE4FAB3E19529F5C00FF72C0 /* YYScrollingTableViewCell-Prefix.pch */,
			);
			name = "Supporting Files";
			sourceTree = "<group>";
		};
		BE4FAB4F19529F5C00FF72C0 /* YYScrollingTableViewCellTests */ = {
			isa = PBXGroup;
			children = (
				BE4FAB5519529F5C00FF72C0 /* YYScrollingTableViewCellTests.m */,
				BE4FAB5019529F5C00FF72C0 /* Supporting Files */,
			);
			path = YYScrollingTableViewCellTests;
			sourceTree = "<group>";
		};
		BE4FAB5019529F5C00FF72C0 /* Supporting Files */ = {
			isa = PBXGroup;
			children = (
				BE4FAB5119529F5C00FF72C0 /* YYScrollingTableViewCellTests-Info.plist */,
				BE4FAB5219529F5C00FF72C0 /* InfoPlist.strings */,
			);
			name = "Supporting Files";
			sourceTree = "<group>";
		};
		BE4FAB5F1952A34000FF72C0 /* Class */ = {
			isa = PBXGroup;
			children = (
				BE4FAB601952A34000FF72C0 /* Controller */,
				BE4FAB6C1952A34000FF72C0 /* View */,
			);
			path = Class;
			sourceTree = "<group>";
		};
		BE4FAB601952A34000FF72C0 /* Controller */ = {
			isa = PBXGroup;
			children = (
				BE4FAB611952A34000FF72C0 /* Base */,
			);
			path = Controller;
			sourceTree = "<group>";
		};
		BE4FAB611952A34000FF72C0 /* Base */ = {
			isa = PBXGroup;
			children = (
				BE4FAB6A1952A34000FF72C0 /* iCoreGUIController.h */,
				BE4FAB6B1952A34000FF72C0 /* iCoreGUIController.m */,
				BE4FAB741952A44000FF72C0 /* YYViewController.h */,
				BE4FAB751952A44000FF72C0 /* YYViewController.m */,
				BE4FAB771952A50000FF72C0 /* YYTabBarController.h */,
				BE4FAB781952A50000FF72C0 /* YYTabBarController.m */,
				BE4FAB7A1952A55400FF72C0 /* YYNavigationController.h */,
				BE4FAB7B1952A55400FF72C0 /* YYNavigationController.m */,
			);
			path = Base;
			sourceTree = "<group>";
		};
		BE4FAB6C1952A34000FF72C0 /* View */ = {
			isa = PBXGroup;
			children = (
			);
			path = View;
			sourceTree = "<group>";
		};
/* End PBXGroup section */

/* Begin PBXNativeTarget section */
		BE4FAB2C19529F5C00FF72C0 /* YYScrollingTableViewCell */ = {
			isa = PBXNativeTarget;
			buildConfigurationList = BE4FAB5919529F5C00FF72C0 /* Build configuration list for PBXNativeTarget "YYScrollingTableViewCell" */;
			buildPhases = (
				BE4FAB2919529F5C00FF72C0 /* Sources */,
				BE4FAB2A19529F5C00FF72C0 /* Frameworks */,
				BE4FAB2B19529F5C00FF72C0 /* Resources */,
			);
			buildRules = (
			);
			dependencies = (
			);
			name = YYScrollingTableViewCell;
			productName = YYScrollingTableViewCell;
			productReference = BE4FAB2D19529F5C00FF72C0 /* YYScrollingTableViewCell.app */;
			productType = "com.apple.product-type.application";
		};
		BE4FAB4719529F5C00FF72C0 /* YYScrollingTableViewCellTests */ = {
			isa = PBXNativeTarget;
			buildConfigurationList = BE4FAB5C19529F5C00FF72C0 /* Build configuration list for PBXNativeTarget "YYScrollingTableViewCellTests" */;
			buildPhases = (
				BE4FAB4419529F5C00FF72C0 /* Sources */,
				BE4FAB4519529F5C00FF72C0 /* Frameworks */,
				BE4FAB4619529F5C00FF72C0 /* Resources */,
			);
			buildRules = (
			);
			dependencies = (
				BE4FAB4E19529F5C00FF72C0 /* PBXTargetDependency */,
			);
			name = YYScrollingTableViewCellTests;
			productName = YYScrollingTableViewCellTests;
			productReference = BE4FAB4819529F5C00FF72C0 /* YYScrollingTableViewCellTests.xctest */;
			productType = "com.apple.product-type.bundle.unit-test";
		};
/* End PBXNativeTarget section */

/* Begin PBXProject section */
		BE4FAB2519529F5C00FF72C0 /* Project object */ = {
			isa = PBXProject;
			attributes = {
				CLASSPREFIX = YY;
				LastUpgradeCheck = 0510;
				ORGANIZATIONNAME = yoyo;
				TargetAttributes = {
					BE4FAB4719529F5C00FF72C0 = {
						TestTargetID = BE4FAB2C19529F5C00FF72C0;
					};
				};
			};
			buildConfigurationList = BE4FAB2819529F5C00FF72C0 /* Build configuration list for PBXProject "YYScrollingTableViewCell" */;
			compatibilityVersion = "Xcode 3.2";
			developmentRegion = English;
			hasScannedForEncodings = 0;
			knownRegions = (
				en,
			);
			mainGroup = BE4FAB2419529F5C00FF72C0;
			productRefGroup = BE4FAB2E19529F5C00FF72C0 /* Products */;
			projectDirPath = "";
			projectRoot = "";
			targets = (
				BE4FAB2C19529F5C00FF72C0 /* YYScrollingTableViewCell */,
				BE4FAB4719529F5C00FF72C0 /* YYScrollingTableViewCellTests */,
			);
		};
/* End PBXProject section */

/* Begin PBXResourcesBuildPhase section */
		BE4FAB2B19529F5C00FF72C0 /* Resources */ = {
			isa = PBXResourcesBuildPhase;
			buildActionMask = 2147483647;
			files = (
				BE4FAB3B19529F5C00FF72C0 /* InfoPlist.strings in Resources */,
				BE4FAB731952A35800FF72C0 /* MainStoryboard-iPhone.storyboard in Resources */,
				BE4FAB4319529F5C00FF72C0 /* Images.xcassets in Resources */,
			);
			runOnlyForDeploymentPostprocessing = 0;
		};
		BE4FAB4619529F5C00FF72C0 /* Resources */ = {
			isa = PBXResourcesBuildPhase;
			buildActionMask = 2147483647;
			files = (
				BE4FAB5419529F5C00FF72C0 /* InfoPlist.strings in Resources */,
			);
			runOnlyForDeploymentPostprocessing = 0;
		};
/* End PBXResourcesBuildPhase section */

/* Begin PBXSourcesBuildPhase section */
		BE4FAB2919529F5C00FF72C0 /* Sources */ = {
			isa = PBXSourcesBuildPhase;
			buildActionMask = 2147483647;
			files = (
				BE4FAB791952A50000FF72C0 /* YYTabBarController.m in Sources */,
				BE4FAB7C1952A55400FF72C0 /* YYNavigationController.m in Sources */,
				BE4FAB4119529F5C00FF72C0 /* YYAppDelegate.m in Sources */,
				BE4FAB3D19529F5C00FF72C0 /* main.m in Sources */,
				BE4FAB711952A34000FF72C0 /* iCoreGUIController.m in Sources */,
				BE4FAB761952A44000FF72C0 /* YYViewController.m in Sources */,
			);
			runOnlyForDeploymentPostprocessing = 0;
		};
		BE4FAB4419529F5C00FF72C0 /* Sources */ = {
			isa = PBXSourcesBuildPhase;
			buildActionMask = 2147483647;
			files = (
				BE4FAB5619529F5C00FF72C0 /* YYScrollingTableViewCellTests.m in Sources */,
			);
			runOnlyForDeploymentPostprocessing = 0;
		};
/* End PBXSourcesBuildPhase section */

/* Begin PBXTargetDependency section */
		BE4FAB4E19529F5C00FF72C0 /* PBXTargetDependency */ = {
			isa = PBXTargetDependency;
			target = BE4FAB2C19529F5C00FF72C0 /* YYScrollingTableViewCell */;
			targetProxy = BE4FAB4D19529F5C00FF72C0 /* PBXContainerItemProxy */;
		};
/* End PBXTargetDependency section */

/* Begin PBXVariantGroup section */
		BE4FAB3919529F5C00FF72C0 /* InfoPlist.strings */ = {
			isa = PBXVariantGroup;
			children = (
				BE4FAB3A19529F5C00FF72C0 /* en */,
			);
			name = InfoPlist.strings;
			sourceTree = "<group>";
		};
		BE4FAB5219529F5C00FF72C0 /* InfoPlist.strings */ = {
			isa = PBXVariantGroup;
			children = (
				BE4FAB5319529F5C00FF72C0 /* en */,
			);
			name = InfoPlist.strings;
			sourceTree = "<group>";
		};
/* End PBXVariantGroup section */

/* Begin XCBuildConfiguration section */
		BE4FAB5719529F5C00FF72C0 /* Debug */ = {
			isa = XCBuildConfiguration;
			buildSettings = {
				ALWAYS_SEARCH_USER_PATHS = NO;
				CLANG_CXX_LANGUAGE_STANDARD = "gnu++0x";
				CLANG_CXX_LIBRARY = "libc++";
				CLANG_ENABLE_MODULES = YES;
				CLANG_ENABLE_OBJC_ARC = YES;
				CLANG_WARN_BOOL_CONVERSION = YES;
				CLANG_WARN_CONSTANT_CONVERSION = YES;
				CLANG_WARN_DIRECT_OBJC_ISA_USAGE = YES_ERROR;
				CLANG_WARN_EMPTY_BODY = YES;
				CLANG_WARN_ENUM_CONVERSION = YES;
				CLANG_WARN_INT_CONVERSION = YES;
				CLANG_WARN_OBJC_ROOT_CLASS = YES_ERROR;
				CLANG_WARN__DUPLICATE_METHOD_MATCH = YES;
				"CODE_SIGN_IDENTITY[sdk=iphoneos*]" = "iPhone Developer";
				COPY_PHASE_STRIP = NO;
				GCC_C_LANGUAGE_STANDARD = gnu99;
				GCC_DYNAMIC_NO_PIC = NO;
				GCC_OPTIMIZATION_LEVEL = 0;
				GCC_PREPROCESSOR_DEFINITIONS = (
					"DEBUG=1",
					"$(inherited)",
				);
				GCC_SYMBOLS_PRIVATE_EXTERN = NO;
				GCC_WARN_64_TO_32_BIT_CONVERSION = YES;
				GCC_WARN_ABOUT_RETURN_TYPE = YES_ERROR;
				GCC_WARN_UNDECLARED_SELECTOR = YES;
				GCC_WARN_UNINITIALIZED_AUTOS = YES_AGGRESSIVE;
				GCC_WARN_UNUSED_FUNCTION = YES;
				GCC_WARN_UNUSED_VARIABLE = YES;
				IPHONEOS_DEPLOYMENT_TARGET = 7.1;
				ONLY_ACTIVE_ARCH = YES;
				SDKROOT = iphoneos;
				TARGETED_DEVICE_FAMILY = "1,2";
			};
			name = Debug;
		};
		BE4FAB5819529F5C00FF72C0 /* Release */ = {
			isa = XCBuildConfiguration;
			buildSettings = {
				ALWAYS_SEARCH_USER_PATHS = NO;
				CLANG_CXX_LANGUAGE_STANDARD = "gnu++0x";
				CLANG_CXX_LIBRARY = "libc++";
				CLANG_ENABLE_MODULES = YES;
				CLANG_ENABLE_OBJC_ARC = YES;
				CLANG_WARN_BOOL_CONVERSION = YES;
				CLANG_WARN_CONSTANT_CONVERSION = YES;
				CLANG_WARN_DIRECT_OBJC_ISA_USAGE = YES_ERROR;
				CLANG_WARN_EMPTY_BODY = YES;
				CLANG_WARN_ENUM_CONVERSION = YES;
				CLANG_WARN_INT_CONVERSION = YES;
				CLANG_WARN_OBJC_ROOT_CLASS = YES_ERROR;
				CLANG_WARN__DUPLICATE_METHOD_MATCH = YES;
				"CODE_SIGN_IDENTITY[sdk=iphoneos*]" = "iPhone Developer";
				COPY_PHASE_STRIP = YES;
				ENABLE_NS_ASSERTIONS = NO;
				GCC_C_LANGUAGE_STANDARD = gnu99;
				GCC_WARN_64_TO_32_BIT_CONVERSION = YES;
				GCC_WARN_ABOUT_RETURN_TYPE = YES_ERROR;
				GCC_WARN_UNDECLARED_SELECTOR = YES;
				GCC_WARN_UNINITIALIZED_AUTOS = YES_AGGRESSIVE;
				GCC_WARN_UNUSED_FUNCTION = YES;
				GCC_WARN_UNUSED_VARIABLE = YES;
				IPHONEOS_DEPLOYMENT_TARGET = 7.1;
				SDKROOT = iphoneos;
				TARGETED_DEVICE_FAMILY = "1,2";
				VALIDATE_PRODUCT = YES;
			};
			name = Release;
		};
		BE4FAB5A19529F5C00FF72C0 /* Debug */ = {
			isa = XCBuildConfiguration;
			buildSettings = {
				ASSETCATALOG_COMPILER_APPICON_NAME = AppIcon;
				ASSETCATALOG_COMPILER_LAUNCHIMAGE_NAME = LaunchImage;
				GCC_PRECOMPILE_PREFIX_HEADER = YES;
				GCC_PREFIX_HEADER = "YYScrollingTableViewCell/YYScrollingTableViewCell-Prefix.pch";
				INFOPLIST_FILE = "YYScrollingTableViewCell/YYScrollingTableViewCell-Info.plist";
				PRODUCT_NAME = "$(TARGET_NAME)";
				WRAPPER_EXTENSION = app;
			};
			name = Debug;
		};
		BE4FAB5B19529F5C00FF72C0 /* Release */ = {
			isa = XCBuildConfiguration;
			buildSettings = {
				ASSETCATALOG_COMPILER_APPICON_NAME = AppIcon;
				ASSETCATALOG_COMPILER_LAUNCHIMAGE_NAME = LaunchImage;
				GCC_PRECOMPILE_PREFIX_HEADER = YES;
				GCC_PREFIX_HEADER = "YYScrollingTableViewCell/YYScrollingTableViewCell-Prefix.pch";
				INFOPLIST_FILE = "YYScrollingTableViewCell/YYScrollingTableViewCell-Info.plist";
				PRODUCT_NAME = "$(TARGET_NAME)";
				WRAPPER_EXTENSION = app;
			};
			name = Release;
		};
		BE4FAB5D19529F5C00FF72C0 /* Debug */ = {
			isa = XCBuildConfiguration;
			buildSettings = {
				BUNDLE_LOADER = "$(BUILT_PRODUCTS_DIR)/YYScrollingTableViewCell.app/YYScrollingTableViewCell";
				FRAMEWORK_SEARCH_PATHS = (
					"$(SDKROOT)/Developer/Library/Frameworks",
					"$(inherited)",
					"$(DEVELOPER_FRAMEWORKS_DIR)",
				);
				GCC_PRECOMPILE_PREFIX_HEADER = YES;
				GCC_PREFIX_HEADER = "YYScrollingTableViewCell/YYScrollingTableViewCell-Prefix.pch";
				GCC_PREPROCESSOR_DEFINITIONS = (
					"DEBUG=1",
					"$(inherited)",
				);
				INFOPLIST_FILE = "YYScrollingTableViewCellTests/YYScrollingTableViewCellTests-Info.plist";
				PRODUCT_NAME = "$(TARGET_NAME)";
				TEST_HOST = "$(BUNDLE_LOADER)";
				WRAPPER_EXTENSION = xctest;
			};
			name = Debug;
		};
		BE4FAB5E19529F5C00FF72C0 /* Release */ = {
			isa = XCBuildConfiguration;
			buildSettings = {
				BUNDLE_LOADER = "$(BUILT_PRODUCTS_DIR)/YYScrollingTableViewCell.app/YYScrollingTableViewCell";
				FRAMEWORK_SEARCH_PATHS = (
					"$(SDKROOT)/Developer/Library/Frameworks",
					"$(inherited)",
					"$(DEVELOPER_FRAMEWORKS_DIR)",
				);
				GCC_PRECOMPILE_PREFIX_HEADER = YES;
				GCC_PREFIX_HEADER = "YYScrollingTableViewCell/YYScrollingTableViewCell-Prefix.pch";
				INFOPLIST_FILE = "YYScrollingTableViewCellTests/YYScrollingTableViewCellTests-Info.plist";
				PRODUCT_NAME = "$(TARGET_NAME)";
				TEST_HOST = "$(BUNDLE_LOADER)";
				WRAPPER_EXTENSION = xctest;
			};
			name = Release;
		};
/* End XCBuildConfiguration section */

/* Begin XCConfigurationList section */
		BE4FAB2819529F5C00FF72C0 /* Build configuration list for PBXProject "YYScrollingTableViewCell" */ = {
			isa = XCConfigurationList;
			buildConfigurations = (
				BE4FAB5719529F5C00FF72C0 /* Debug */,
				BE4FAB5819529F5C00FF72C0 /* Release */,
			);
			defaultConfigurationIsVisible = 0;
			defaultConfigurationName = Release;
		};
		BE4FAB5919529F5C00FF72C0 /* Build configuration list for PBXNativeTarget "YYScrollingTableViewCell" */ = {
			isa = XCConfigurationList;
			buildConfigurations = (
				BE4FAB5A19529F5C00FF72C0 /* Debug */,
				BE4FAB5B19529F5C00FF72C0 /* Release */,
			);
			defaultConfigurationIsVisible = 0;
		};
		BE4FAB5C19529F5C00FF72C0 /* Build configuration list for PBXNativeTarget "YYScrollingTableViewCellTests" */ = {
			isa = XCConfigurationList;
			buildConfigurations = (
				BE4FAB5D19529F5C00FF72C0 /* Debug */,
				BE4FAB5E19529F5C00FF72C0 /* Release */,
			);
			defaultConfigurationIsVisible = 0;
		};
/* End XCConfigurationList section */
	};
	rootObject = BE4FAB2519529F5C00FF72C0 /* Project object */;
}
